// !$*UTF8*$!
{
	archiveVersion = 1;
	classes = {
	};
	objectVersion = 56;
	objects = {

/* Begin PBXBuildFile section */
		FCB99EA42B2755A9000256FF /* MingledOfficialApp.swift in Sources */ = {isa = PBXBuildFile; fileRef = FCB99EA32B2755A9000256FF /* MingledOfficialApp.swift */; };
		FCB99EA62B2755A9000256FF /* ContentView.swift in Sources */ = {isa = PBXBuildFile; fileRef = FCB99EA52B2755A9000256FF /* ContentView.swift */; };
		FCB99EA82B2755AA000256FF /* Assets.xcassets in Resources */ = {isa = PBXBuildFile; fileRef = FCB99EA72B2755AA000256FF /* Assets.xcassets */; };
		FCB99EAB2B2755AA000256FF /* Preview Assets.xcassets in Resources */ = {isa = PBXBuildFile; fileRef = FCB99EAA2B2755AA000256FF /* Preview Assets.xcassets */; };
		FCB99EB52B2755AA000256FF /* MingledOfficialTests.swift in Sources */ = {isa = PBXBuildFile; fileRef = FCB99EB42B2755AA000256FF /* MingledOfficialTests.swift */; };
		FCB99EBF2B2755AA000256FF /* MingledOfficialUITests.swift in Sources */ = {isa = PBXBuildFile; fileRef = FCB99EBE2B2755AA000256FF /* MingledOfficialUITests.swift */; };
		FCB99EC12B2755AA000256FF /* MingledOfficialUITestsLaunchTests.swift in Sources */ = {isa = PBXBuildFile; fileRef = FCB99EC02B2755AA000256FF /* MingledOfficialUITestsLaunchTests.swift */; };
/* End PBXBuildFile section */

/* Begin PBXContainerItemProxy section */
		FCB99EB12B2755AA000256FF /* PBXContainerItemProxy */ = {
			isa = PBXContainerItemProxy;
			containerPortal = FCB99E982B2755A9000256FF /* Project object */;
			proxyType = 1;
			remoteGlobalIDString = FCB99E9F2B2755A9000256FF;
			remoteInfo = MingledOfficial;
		};
		FCB99EBB2B2755AA000256FF /* PBXContainerItemProxy */ = {
			isa = PBXContainerItemProxy;
			containerPortal = FCB99E982B2755A9000256FF /* Project object */;
			proxyType = 1;
			remoteGlobalIDString = FCB99E9F2B2755A9000256FF;
			remoteInfo = MingledOfficial;
		};
/* End PBXContainerItemProxy section */

/* Begin PBXFileReference section */
		FCB99EA02B2755A9000256FF /* MingledOfficial.app */ = {isa = PBXFileReference; explicitFileType = wrapper.application; includeInIndex = 0; path = MingledOfficial.app; sourceTree = BUILT_PRODUCTS_DIR; };
		FCB99EA32B2755A9000256FF /* MingledOfficialApp.swift */ = {isa = PBXFileReference; lastKnownFileType = sourcecode.swift; path = MingledOfficialApp.swift; sourceTree = "<group>"; };
		FCB99EA52B2755A9000256FF /* ContentView.swift */ = {isa = PBXFileReference; lastKnownFileType = sourcecode.swift; path = ContentView.swift; sourceTree = "<group>"; };
		FCB99EA72B2755AA000256FF /* Assets.xcassets */ = {isa = PBXFileReference; lastKnownFileType = folder.assetcatalog; path = Assets.xcassets; sourceTree = "<group>"; };
		FCB99EAA2B2755AA000256FF /* Preview Assets.xcassets */ = {isa = PBXFileReference; lastKnownFileType = folder.assetcatalog; path = "Preview Assets.xcassets"; sourceTree = "<group>"; };
		FCB99EB02B2755AA000256FF /* MingledOfficialTests.xctest */ = {isa = PBXFileReference; explicitFileType = wrapper.cfbundle; includeInIndex = 0; path = MingledOfficialTests.xctest; sourceTree = BUILT_PRODUCTS_DIR; };
		FCB99EB42B2755AA000256FF /* MingledOfficialTests.swift */ = {isa = PBXFileReference; lastKnownFileType = sourcecode.swift; path = MingledOfficialTests.swift; sourceTree = "<group>"; };
		FCB99EBA2B2755AA000256FF /* MingledOfficialUITests.xctest */ = {isa = PBXFileReference; explicitFileType = wrapper.cfbundle; includeInIndex = 0; path = MingledOfficialUITests.xctest; sourceTree = BUILT_PRODUCTS_DIR; };
		FCB99EBE2B2755AA000256FF /* MingledOfficialUITests.swift */ = {isa = PBXFileReference; lastKnownFileType = sourcecode.swift; path = MingledOfficialUITests.swift; sourceTree = "<group>"; };
		FCB99EC02B2755AA000256FF /* MingledOfficialUITestsLaunchTests.swift */ = {isa = PBXFileReference; lastKnownFileType = sourcecode.swift; path = MingledOfficialUITestsLaunchTests.swift; sourceTree = "<group>"; };
/* End PBXFileReference section */

/* Begin PBXFrameworksBuildPhase section */
		FCB99E9D2B2755A9000256FF /* Frameworks */ = {
			isa = PBXFrameworksBuildPhase;
			buildActionMask = 2147483647;
			files = (
			);
			runOnlyForDeploymentPostprocessing = 0;
		};
		FCB99EAD2B2755AA000256FF /* Frameworks */ = {
			isa = PBXFrameworksBuildPhase;
			buildActionMask = 2147483647;
			files = (
			);
			runOnlyForDeploymentPostprocessing = 0;
		};
		FCB99EB72B2755AA000256FF /* Frameworks */ = {
			isa = PBXFrameworksBuildPhase;
			buildActionMask = 2147483647;
			files = (
			);
			runOnlyForDeploymentPostprocessing = 0;
		};
/* End PBXFrameworksBuildPhase section */

/* Begin PBXGroup section */
		FCB99E972B2755A9000256FF = {
			isa = PBXGroup;
			children = (
				FCB99EA22B2755A9000256FF /* MingledOfficial */,
				FCB99EB32B2755AA000256FF /* MingledOfficialTests */,
				FCB99EBD2B2755AA000256FF /* MingledOfficialUITests */,
				FCB99EA12B2755A9000256FF /* Products */,
			);
			sourceTree = "<group>";
		};
		FCB99EA12B2755A9000256FF /* Products */ = {
			isa = PBXGroup;
			children = (
				FCB99EA02B2755A9000256FF /* MingledOfficial.app */,
				FCB99EB02B2755AA000256FF /* MingledOfficialTests.xctest */,
				FCB99EBA2B2755AA000256FF /* MingledOfficialUITests.xctest */,
			);
			name = Products;
			sourceTree = "<group>";
		};
		FCB99EA22B2755A9000256FF /* MingledOfficial */ = {
			isa = PBXGroup;
			children = (
				FCB99EA32B2755A9000256FF /* MingledOfficialApp.swift */,
				FCB99EA52B2755A9000256FF /* ContentView.swift */,
				FCB99EA72B2755AA000256FF /* Assets.xcassets */,
				FCB99EA92B2755AA000256FF /* Preview Content */,
			);
			path = MingledOfficial;
			sourceTree = "<group>";
		};
		FCB99EA92B2755AA000256FF /* Preview Content */ = {
			isa = PBXGroup;
			children = (
				FCB99EAA2B2755AA000256FF /* Preview Assets.xcassets */,
			);
			path = "Preview Content";
			sourceTree = "<group>";
		};
		FCB99EB32B2755AA000256FF /* MingledOfficialTests */ = {
			isa = PBXGroup;
			children = (
				FCB99EB42B2755AA000256FF /* MingledOfficialTests.swift */,
			);
			path = MingledOfficialTests;
			sourceTree = "<group>";
		};
		FCB99EBD2B2755AA000256FF /* MingledOfficialUITests */ = {
			isa = PBXGroup;
			children = (
				FCB99EBE2B2755AA000256FF /* MingledOfficialUITests.swift */,
				FCB99EC02B2755AA000256FF /* MingledOfficialUITestsLaunchTests.swift */,
			);
			path = MingledOfficialUITests;
			sourceTree = "<group>";
		};
/* End PBXGroup section */

/* Begin PBXNativeTarget section */
		FCB99E9F2B2755A9000256FF /* MingledOfficial */ = {
			isa = PBXNativeTarget;
			buildConfigurationList = FCB99EC42B2755AA000256FF /* Build configuration list for PBXNativeTarget "MingledOfficial" */;
			buildPhases = (
				FCB99E9C2B2755A9000256FF /* Sources */,
				FCB99E9D2B2755A9000256FF /* Frameworks */,
				FCB99E9E2B2755A9000256FF /* Resources */,
			);
			buildRules = (
			);
			dependencies = (
			);
			name = MingledOfficial;
			productName = MingledOfficial;
			productReference = FCB99EA02B2755A9000256FF /* MingledOfficial.app */;
			productType = "com.apple.product-type.application";
		};
		FCB99EAF2B2755AA000256FF /* MingledOfficialTests */ = {
			isa = PBXNativeTarget;
			buildConfigurationList = FCB99EC72B2755AA000256FF /* Build configuration list for PBXNativeTarget "MingledOfficialTests" */;
			buildPhases = (
				FCB99EAC2B2755AA000256FF /* Sources */,
				FCB99EAD2B2755AA000256FF /* Frameworks */,
				FCB99EAE2B2755AA000256FF /* Resources */,
			);
			buildRules = (
			);
			dependencies = (
				FCB99EB22B2755AA000256FF /* PBXTargetDependency */,
			);
			name = MingledOfficialTests;
			productName = MingledOfficialTests;
			productReference = FCB99EB02B2755AA000256FF /* MingledOfficialTests.xctest */;
			productType = "com.apple.product-type.bundle.unit-test";
		};
		FCB99EB92B2755AA000256FF /* MingledOfficialUITests */ = {
			isa = PBXNativeTarget;
			buildConfigurationList = FCB99ECA2B2755AA000256FF /* Build configuration list for PBXNativeTarget "MingledOfficialUITests" */;
			buildPhases = (
				FCB99EB62B2755AA000256FF /* Sources */,
				FCB99EB72B2755AA000256FF /* Frameworks */,
				FCB99EB82B2755AA000256FF /* Resources */,
			);
			buildRules = (
			);
			dependencies = (
				FCB99EBC2B2755AA000256FF /* PBXTargetDependency */,
			);
			name = MingledOfficialUITests;
			productName = MingledOfficialUITests;
			productReference = FCB99EBA2B2755AA000256FF /* MingledOfficialUITests.xctest */;
			productType = "com.apple.product-type.bundle.ui-testing";
		};
/* End PBXNativeTarget section */

/* Begin PBXProject section */
		FCB99E982B2755A9000256FF /* Project object */ = {
			isa = PBXProject;
			attributes = {
				BuildIndependentTargetsInParallel = 1;
				LastSwiftUpdateCheck = 1500;
				LastUpgradeCheck = 1500;
				TargetAttributes = {
					FCB99E9F2B2755A9000256FF = {
						CreatedOnToolsVersion = 15.0.1;
					};
					FCB99EAF2B2755AA000256FF = {
						CreatedOnToolsVersion = 15.0.1;
						TestTargetID = FCB99E9F2B2755A9000256FF;
					};
					FCB99EB92B2755AA000256FF = {
						CreatedOnToolsVersion = 15.0.1;
						TestTargetID = FCB99E9F2B2755A9000256FF;
					};
				};
			};
			buildConfigurationList = FCB99E9B2B2755A9000256FF /* Build configuration list for PBXProject "MingledOfficial" */;
			compatibilityVersion = "Xcode 14.0";
			developmentRegion = en;
			hasScannedForEncodings = 0;
			knownRegions = (
				en,
				Base,
			);
			mainGroup = FCB99E972B2755A9000256FF;
			productRefGroup = FCB99EA12B2755A9000256FF /* Products */;
			projectDirPath = "";
			projectRoot = "";
			targets = (
				FCB99E9F2B2755A9000256FF /* MingledOfficial */,
				FCB99EAF2B2755AA000256FF /* MingledOfficialTests */,
				FCB99EB92B2755AA000256FF /* MingledOfficialUITests */,
			);
		};
/* End PBXProject section */

/* Begin PBXResourcesBuildPhase section */
		FCB99E9E2B2755A9000256FF /* Resources */ = {
			isa = PBXResourcesBuildPhase;
			buildActionMask = 2147483647;
			files = (
				FCB99EAB2B2755AA000256FF /* Preview Assets.xcassets in Resources */,
				FCB99EA82B2755AA000256FF /* Assets.xcassets in Resources */,
			);
			runOnlyForDeploymentPostprocessing = 0;
		};
		FCB99EAE2B2755AA000256FF /* Resources */ = {
			isa = PBXResourcesBuildPhase;
			buildActionMask = 2147483647;
			files = (
			);
			runOnlyForDeploymentPostprocessing = 0;
		};
		FCB99EB82B2755AA000256FF /* Resources */ = {
			isa = PBXResourcesBuildPhase;
			buildActionMask = 2147483647;
			files = (
			);
			runOnlyForDeploymentPostprocessing = 0;
		};
/* End PBXResourcesBuildPhase section */

/* Begin PBXSourcesBuildPhase section */
		FCB99E9C2B2755A9000256FF /* Sources */ = {
			isa = PBXSourcesBuildPhase;
			buildActionMask = 2147483647;
			files = (
				FCB99EA62B2755A9000256FF /* ContentView.swift in Sources */,
				FCB99EA42B2755A9000256FF /* MingledOfficialApp.swift in Sources */,
			);
			runOnlyForDeploymentPostprocessing = 0;
		};
		FCB99EAC2B2755AA000256FF /* Sources */ = {
			isa = PBXSourcesBuildPhase;
			buildActionMask = 2147483647;
			files = (
				FCB99EB52B2755AA000256FF /* MingledOfficialTests.swift in Sources */,
			);
			runOnlyForDeploymentPostprocessing = 0;
		};
		FCB99EB62B2755AA000256FF /* Sources */ = {
			isa = PBXSourcesBuildPhase;
			buildActionMask = 2147483647;
			files = (
				FCB99EC12B2755AA000256FF /* MingledOfficialUITestsLaunchTests.swift in Sources */,
				FCB99EBF2B2755AA000256FF /* MingledOfficialUITests.swift in Sources */,
			);
			runOnlyForDeploymentPostprocessing = 0;
		};
/* End PBXSourcesBuildPhase section */

/* Begin PBXTargetDependency section */
		FCB99EB22B2755AA000256FF /* PBXTargetDependency */ = {
			isa = PBXTargetDependency;
			target = FCB99E9F2B2755A9000256FF /* MingledOfficial */;
			targetProxy = FCB99EB12B2755AA000256FF /* PBXContainerItemProxy */;
		};
		FCB99EBC2B2755AA000256FF /* PBXTargetDependency */ = {
			isa = PBXTargetDependency;
			target = FCB99E9F2B2755A9000256FF /* MingledOfficial */;
			targetProxy = FCB99EBB2B2755AA000256FF /* PBXContainerItemProxy */;
		};
/* End PBXTargetDependency section */

/* Begin XCBuildConfiguration section */
		FCB99EC22B2755AA000256FF /* Debug */ = {
			isa = XCBuildConfiguration;
			buildSettings = {
				ALWAYS_SEARCH_USER_PATHS = NO;
				ASSETCATALOG_COMPILER_GENERATE_SWIFT_ASSET_SYMBOL_EXTENSIONS = YES;
				CLANG_ANALYZER_NONNULL = YES;
				CLANG_ANALYZER_NUMBER_OBJECT_CONVERSION = YES_AGGRESSIVE;
				CLANG_CXX_LANGUAGE_STANDARD = "gnu++20";
				CLANG_ENABLE_MODULES = YES;
				CLANG_ENABLE_OBJC_ARC = YES;
				CLANG_ENABLE_OBJC_WEAK = YES;
				CLANG_WARN_BLOCK_CAPTURE_AUTORELEASING = YES;
				CLANG_WARN_BOOL_CONVERSION = YES;
				CLANG_WARN_COMMA = YES;
				CLANG_WARN_CONSTANT_CONVERSION = YES;
				CLANG_WARN_DEPRECATED_OBJC_IMPLEMENTATIONS = YES;
				CLANG_WARN_DIRECT_OBJC_ISA_USAGE = YES_ERROR;
				CLANG_WARN_DOCUMENTATION_COMMENTS = YES;
				CLANG_WARN_EMPTY_BODY = YES;
				CLANG_WARN_ENUM_CONVERSION = YES;
				CLANG_WARN_INFINITE_RECURSION = YES;
				CLANG_WARN_INT_CONVERSION = YES;
				CLANG_WARN_NON_LITERAL_NULL_CONVERSION = YES;
				CLANG_WARN_OBJC_IMPLICIT_RETAIN_SELF = YES;
				CLANG_WARN_OBJC_LITERAL_CONVERSION = YES;
				CLANG_WARN_OBJC_ROOT_CLASS = YES_ERROR;
				CLANG_WARN_QUOTED_INCLUDE_IN_FRAMEWORK_HEADER = YES;
				CLANG_WARN_RANGE_LOOP_ANALYSIS = YES;
				CLANG_WARN_STRICT_PROTOTYPES = YES;
				CLANG_WARN_SUSPICIOUS_MOVE = YES;
				CLANG_WARN_UNGUARDED_AVAILABILITY = YES_AGGRESSIVE;
				CLANG_WARN_UNREACHABLE_CODE = YES;
				CLANG_WARN__DUPLICATE_METHOD_MATCH = YES;
				COPY_PHASE_STRIP = NO;
				DEBUG_INFORMATION_FORMAT = dwarf;
				ENABLE_STRICT_OBJC_MSGSEND = YES;
				ENABLE_TESTABILITY = YES;
				ENABLE_USER_SCRIPT_SANDBOXING = YES;
				GCC_C_LANGUAGE_STANDARD = gnu17;
				GCC_DYNAMIC_NO_PIC = NO;
				GCC_NO_COMMON_BLOCKS = YES;
				GCC_OPTIMIZATION_LEVEL = 0;
				GCC_PREPROCESSOR_DEFINITIONS = (
					"DEBUG=1",
					"$(inherited)",
				);
				GCC_WARN_64_TO_32_BIT_CONVERSION = YES;
				GCC_WARN_ABOUT_RETURN_TYPE = YES_ERROR;
				GCC_WARN_UNDECLARED_SELECTOR = YES;
				GCC_WARN_UNINITIALIZED_AUTOS = YES_AGGRESSIVE;
				GCC_WARN_UNUSED_FUNCTION = YES;
				GCC_WARN_UNUSED_VARIABLE = YES;
				IPHONEOS_DEPLOYMENT_TARGET = 17.0;
				LOCALIZATION_PREFERS_STRING_CATALOGS = YES;
				MTL_ENABLE_DEBUG_INFO = INCLUDE_SOURCE;
				MTL_FAST_MATH = YES;
				ONLY_ACTIVE_ARCH = YES;
				SDKROOT = iphoneos;
				SWIFT_ACTIVE_COMPILATION_CONDITIONS = "DEBUG $(inherited)";
				SWIFT_OPTIMIZATION_LEVEL = "-Onone";
			};
			name = Debug;
		};
		FCB99EC32B2755AA000256FF /* Release */ = {
			isa = XCBuildConfiguration;
			buildSettings = {
				ALWAYS_SEARCH_USER_PATHS = NO;
				ASSETCATALOG_COMPILER_GENERATE_SWIFT_ASSET_SYMBOL_EXTENSIONS = YES;
				CLANG_ANALYZER_NONNULL = YES;
				CLANG_ANALYZER_NUMBER_OBJECT_CONVERSION = YES_AGGRESSIVE;
				CLANG_CXX_LANGUAGE_STANDARD = "gnu++20";
				CLANG_ENABLE_MODULES = YES;
				CLANG_ENABLE_OBJC_ARC = YES;
				CLANG_ENABLE_OBJC_WEAK = YES;
				CLANG_WARN_BLOCK_CAPTURE_AUTORELEASING = YES;
				CLANG_WARN_BOOL_CONVERSION = YES;
				CLANG_WARN_COMMA = YES;
				CLANG_WARN_CONSTANT_CONVERSION = YES;
				CLANG_WARN_DEPRECATED_OBJC_IMPLEMENTATIONS = YES;
				CLANG_WARN_DIRECT_OBJC_ISA_USAGE = YES_ERROR;
				CLANG_WARN_DOCUMENTATION_COMMENTS = YES;
				CLANG_WARN_EMPTY_BODY = YES;
				CLANG_WARN_ENUM_CONVERSION = YES;
				CLANG_WARN_INFINITE_RECURSION = YES;
				CLANG_WARN_INT_CONVERSION = YES;
				CLANG_WARN_NON_LITERAL_NULL_CONVERSION = YES;
				CLANG_WARN_OBJC_IMPLICIT_RETAIN_SELF = YES;
				CLANG_WARN_OBJC_LITERAL_CONVERSION = YES;
				CLANG_WARN_OBJC_ROOT_CLASS = YES_ERROR;
				CLANG_WARN_QUOTED_INCLUDE_IN_FRAMEWORK_HEADER = YES;
				CLANG_WARN_RANGE_LOOP_ANALYSIS = YES;
				CLANG_WARN_STRICT_PROTOTYPES = YES;
				CLANG_WARN_SUSPICIOUS_MOVE = YES;
				CLANG_WARN_UNGUARDED_AVAILABILITY = YES_AGGRESSIVE;
				CLANG_WARN_UNREACHABLE_CODE = YES;
				CLANG_WARN__DUPLICATE_METHOD_MATCH = YES;
				COPY_PHASE_STRIP = NO;
				DEBUG_INFORMATION_FORMAT = "dwarf-with-dsym";
				ENABLE_NS_ASSERTIONS = NO;
				ENABLE_STRICT_OBJC_MSGSEND = YES;
				ENABLE_USER_SCRIPT_SANDBOXING = YES;
				GCC_C_LANGUAGE_STANDARD = gnu17;
				GCC_NO_COMMON_BLOCKS = YES;
				GCC_WARN_64_TO_32_BIT_CONVERSION = YES;
				GCC_WARN_ABOUT_RETURN_TYPE = YES_ERROR;
				GCC_WARN_UNDECLARED_SELECTOR = YES;
				GCC_WARN_UNINITIALIZED_AUTOS = YES_AGGRESSIVE;
				GCC_WARN_UNUSED_FUNCTION = YES;
				GCC_WARN_UNUSED_VARIABLE = YES;
				IPHONEOS_DEPLOYMENT_TARGET = 17.0;
				LOCALIZATION_PREFERS_STRING_CATALOGS = YES;
				MTL_ENABLE_DEBUG_INFO = NO;
				MTL_FAST_MATH = YES;
				SDKROOT = iphoneos;
				SWIFT_COMPILATION_MODE = wholemodule;
				VALIDATE_PRODUCT = YES;
			};
			name = Release;
		};
		FCB99EC52B2755AA000256FF /* Debug */ = {
			isa = XCBuildConfiguration;
			buildSettings = {
				ASSETCATALOG_COMPILER_APPICON_NAME = AppIcon;
				ASSETCATALOG_COMPILER_GLOBAL_ACCENT_COLOR_NAME = AccentColor;
				CODE_SIGN_STYLE = Automatic;
				CURRENT_PROJECT_VERSION = 1;
				DEVELOPMENT_ASSET_PATHS = "\"MingledOfficial/Preview Content\"";
				ENABLE_PREVIEWS = YES;
				GENERATE_INFOPLIST_FILE = YES;
				INFOPLIST_KEY_UIApplicationSceneManifest_Generation = YES;
				INFOPLIST_KEY_UIApplicationSupportsIndirectInputEvents = YES;
				INFOPLIST_KEY_UILaunchScreen_Generation = YES;
				INFOPLIST_KEY_UISupportedInterfaceOrientations_iPad = "UIInterfaceOrientationPortrait UIInterfaceOrientationPortraitUpsideDown UIInterfaceOrientationLandscapeLeft UIInterfaceOrientationLandscapeRight";
				INFOPLIST_KEY_UISupportedInterfaceOrientations_iPhone = "UIInterfaceOrientationPortrait UIInterfaceOrientationLandscapeLeft UIInterfaceOrientationLandscapeRight";
				LD_RUNPATH_SEARCH_PATHS = (
					"$(inherited)",
					"@executable_path/Frameworks",
				);
				MARKETING_VERSION = 1.0;
				PRODUCT_BUNDLE_IDENTIFIER = arthurbaument.MingledOfficial;
				PRODUCT_NAME = "$(TARGET_NAME)";
				SWIFT_EMIT_LOC_STRINGS = YES;
				SWIFT_VERSION = 5.0;
				TARGETED_DEVICE_FAMILY = "1,2";
			};
			name = Debug;
		};
		FCB99EC62B2755AA000256FF /* Release */ = {
			isa = XCBuildConfiguration;
			buildSettings = {
				ASSETCATALOG_COMPILER_APPICON_NAME = AppIcon;
				ASSETCATALOG_COMPILER_GLOBAL_ACCENT_COLOR_NAME = AccentColor;
				CODE_SIGN_STYLE = Automatic;
				CURRENT_PROJECT_VERSION = 1;
				DEVELOPMENT_ASSET_PATHS = "\"MingledOfficial/Preview Content\"";
				ENABLE_PREVIEWS = YES;
				GENERATE_INFOPLIST_FILE = YES;
				INFOPLIST_KEY_UIApplicationSceneManifest_Generation = YES;
				INFOPLIST_KEY_UIApplicationSupportsIndirectInputEvents = YES;
				INFOPLIST_KEY_UILaunchScreen_Generation = YES;
				INFOPLIST_KEY_UISupportedInterfaceOrientations_iPad = "UIInterfaceOrientationPortrait UIInterfaceOrientationPortraitUpsideDown UIInterfaceOrientationLandscapeLeft UIInterfaceOrientationLandscapeRight";
				INFOPLIST_KEY_UISupportedInterfaceOrientations_iPhone = "UIInterfaceOrientationPortrait UIInterfaceOrientationLandscapeLeft UIInterfaceOrientationLandscapeRight";
				LD_RUNPATH_SEARCH_PATHS = (
					"$(inherited)",
					"@executable_path/Frameworks",
				);
				MARKETING_VERSION = 1.0;
				PRODUCT_BUNDLE_IDENTIFIER = arthurbaument.MingledOfficial;
				PRODUCT_NAME = "$(TARGET_NAME)";
				SWIFT_EMIT_LOC_STRINGS = YES;
				SWIFT_VERSION = 5.0;
				TARGETED_DEVICE_FAMILY = "1,2";
			};
			name = Release;
		};
		FCB99EC82B2755AA000256FF /* Debug */ = {
			isa = XCBuildConfiguration;
			buildSettings = {
				ALWAYS_EMBED_SWIFT_STANDARD_LIBRARIES = YES;
				BUNDLE_LOADER = "$(TEST_HOST)";
				CODE_SIGN_STYLE = Automatic;
				CURRENT_PROJECT_VERSION = 1;
				GENERATE_INFOPLIST_FILE = YES;
				IPHONEOS_DEPLOYMENT_TARGET = 17.0;
				MARKETING_VERSION = 1.0;
				PRODUCT_BUNDLE_IDENTIFIER = arthurbaument.MingledOfficialTests;
				PRODUCT_NAME = "$(TARGET_NAME)";
				SWIFT_EMIT_LOC_STRINGS = NO;
				SWIFT_VERSION = 5.0;
				TARGETED_DEVICE_FAMILY = "1,2";
				TEST_HOST = "$(BUILT_PRODUCTS_DIR)/MingledOfficial.app/$(BUNDLE_EXECUTABLE_FOLDER_PATH)/MingledOfficial";
			};
			name = Debug;
		};
		FCB99EC92B2755AA000256FF /* Release */ = {
			isa = XCBuildConfiguration;
			buildSettings = {
				ALWAYS_EMBED_SWIFT_STANDARD_LIBRARIES = YES;
				BUNDLE_LOADER = "$(TEST_HOST)";
				CODE_SIGN_STYLE = Automatic;
				CURRENT_PROJECT_VERSION = 1;
				GENERATE_INFOPLIST_FILE = YES;
				IPHONEOS_DEPLOYMENT_TARGET = 17.0;
				MARKETING_VERSION = 1.0;
				PRODUCT_BUNDLE_IDENTIFIER = arthurbaument.MingledOfficialTests;
				PRODUCT_NAME = "$(TARGET_NAME)";
				SWIFT_EMIT_LOC_STRINGS = NO;
				SWIFT_VERSION = 5.0;
				TARGETED_DEVICE_FAMILY = "1,2";
				TEST_HOST = "$(BUILT_PRODUCTS_DIR)/MingledOfficial.app/$(BUNDLE_EXECUTABLE_FOLDER_PATH)/MingledOfficial";
			};
			name = Release;
		};
		FCB99ECB2B2755AA000256FF /* Debug */ = {
			isa = XCBuildConfiguration;
			buildSettings = {
				ALWAYS_EMBED_SWIFT_STANDARD_LIBRARIES = YES;
				CODE_SIGN_STYLE = Automatic;
				CURRENT_PROJECT_VERSION = 1;
				GENERATE_INFOPLIST_FILE = YES;
				MARKETING_VERSION = 1.0;
				PRODUCT_BUNDLE_IDENTIFIER = arthurbaument.MingledOfficialUITests;
				PRODUCT_NAME = "$(TARGET_NAME)";
				SWIFT_EMIT_LOC_STRINGS = NO;
				SWIFT_VERSION = 5.0;
				TARGETED_DEVICE_FAMILY = "1,2";
				TEST_TARGET_NAME = MingledOfficial;
			};
			name = Debug;
		};
		FCB99ECC2B2755AA000256FF /* Release */ = {
			isa = XCBuildConfiguration;
			buildSettings = {
				ALWAYS_EMBED_SWIFT_STANDARD_LIBRARIES = YES;
				CODE_SIGN_STYLE = Automatic;
				CURRENT_PROJECT_VERSION = 1;
				GENERATE_INFOPLIST_FILE = YES;
				MARKETING_VERSION = 1.0;
				PRODUCT_BUNDLE_IDENTIFIER = arthurbaument.MingledOfficialUITests;
				PRODUCT_NAME = "$(TARGET_NAME)";
				SWIFT_EMIT_LOC_STRINGS = NO;
				SWIFT_VERSION = 5.0;
				TARGETED_DEVICE_FAMILY = "1,2";
				TEST_TARGET_NAME = MingledOfficial;
			};
			name = Release;
		};
/* End XCBuildConfiguration section */

/* Begin XCConfigurationList section */
		FCB99E9B2B2755A9000256FF /* Build configuration list for PBXProject "MingledOfficial" */ = {
			isa = XCConfigurationList;
			buildConfigurations = (
				FCB99EC22B2755AA000256FF /* Debug */,
				FCB99EC32B2755AA000256FF /* Release */,
			);
			defaultConfigurationIsVisible = 0;
			defaultConfigurationName = Release;
		};
		FCB99EC42B2755AA000256FF /* Build configuration list for PBXNativeTarget "MingledOfficial" */ = {
			isa = XCConfigurationList;
			buildConfigurations = (
				FCB99EC52B2755AA000256FF /* Debug */,
				FCB99EC62B2755AA000256FF /* Release */,
			);
			defaultConfigurationIsVisible = 0;
			defaultConfigurationName = Release;
		};
		FCB99EC72B2755AA000256FF /* Build configuration list for PBXNativeTarget "MingledOfficialTests" */ = {
			isa = XCConfigurationList;
			buildConfigurations = (
				FCB99EC82B2755AA000256FF /* Debug */,
				FCB99EC92B2755AA000256FF /* Release */,
			);
			defaultConfigurationIsVisible = 0;
			defaultConfigurationName = Release;
		};
		FCB99ECA2B2755AA000256FF /* Build configuration list for PBXNativeTarget "MingledOfficialUITests" */ = {
			isa = XCConfigurationList;
			buildConfigurations = (
				FCB99ECB2B2755AA000256FF /* Debug */,
				FCB99ECC2B2755AA000256FF /* Release */,
			);
			defaultConfigurationIsVisible = 0;
			defaultConfigurationName = Release;
		};
/* End XCConfigurationList section */
	};
	rootObject = FCB99E982B2755A9000256FF /* Project object */;
}
